{
  "name": "vorqa-ai-mvp",
  "version": "0.1.0",
  "lockfileVersion": 3,
  "requires": true,
  "packages": {
    "": {
      "name": "vorqa-ai-mvp",
      "version": "0.1.0",
      "dependencies": {
        "@react-three/drei": "^9.120.5",
        "@react-three/fiber": "^8.17.10",
        "framer-motion": "^12.42.2",
        "gsap": "^3.12.5",
        "jspdf": "^4.2.1",
        "lucide-react": "^0.468.0",
        "next": "^14.2.5",
        "openai": "^4.104.0",
        "react": "^18.3.1",
        "react-dom": "^18.3.1",
        "three": "^0.170.0"
      },
      "devDependencies": {
        "@types/node": "^20.14.10",
        "@types/react": "^18.3.3",
        "@types/react-dom": "^18.3.0",
        "autoprefixer": "^10.4.19",
        "eslint": "^8.57.0",
        "eslint-config-next": "^14.2.5",
        "postcss": "^8.4.39",
        "tailwindcss": "^3.4.4",
        "typescript": "^5.5.3"
      }
    },
    "node_modules/@alloc/quick-lru": {
      "version": "5.2.0",
      "resolved": "https://registry.npmjs.org/@alloc/quick-lru/-/quick-lru-5.2.0.tgz",
      "integrity": "sha512-UrcABB+4bUrFABwbluTIBErXwvbsU/V7TZWfmbgJfbkwiBuziS9gxdODUyuiecfdGQ85jglMW6juS3+z5TsKLw==",
      "dev": true,
      "license": "MIT",
      "engines": {
        "node": ">=10"
      },
      "funding": {
        "url": "https://github.com/sponsors/sindresorhus"
      }
    },
    "node_modules/@babel/runtime": {
      "version": "7.29.7",
      "resolved": "https://registry.npmjs.org/@babel/runtime/-/runtime-7.29.7.tgz",
      "integrity": "sha512-Nq8OhGWiZIZGV6hLHoyAKLLcJihP/xFeBMGJoUrxTX2psI8dCifzLhZISFb+VWS3wFMRDmCGw5R+dOySCqPLhw==",
      "license": "MIT",
      "engines": {
        "node": ">=6.9.0"
      }
    },
    "node_modules/@dimforge/rapier3d-compat": {
      "version": "0.12.0",
      "resolved": "https://registry.npmjs.org/@dimforge/rapier3d-compat/-/rapier3d-compat-0.12.0.tgz",
      "integrity": "sha512-uekIGetywIgopfD97oDL5PfeezkFpNhwlzlaEYNOA0N6ghdsOvh/HYjSMek5Q2O1PYvRSDFcqFVJl4r4ZBwOow==",
      "license": "Apache-2.0"
    },
    "node_modules/@emnapi/core": {
      "version": "1.10.0",
      "resolved": "https://registry.npmjs.org/@emnapi/core/-/core-1.10.0.tgz",
      "integrity": "sha512-yq6OkJ4p82CAfPl0u9mQebQHKPJkY7WrIuk205cTYnYe+k2Z8YBh11FrbRG/H6ihirqcacOgl2BIO8oyMQLeXw==",
      "dev": true,
      "license": "MIT",
      "optional": true,
      "dependencies": {
        "@emnapi/wasi-threads": "1.2.1",
        "tslib": "^2.4.0"
      }
    },
    "node_modules/@emnapi/runtime": {
      "version": "1.10.0",
      "resolved": "https://registry.npmjs.org/@emnapi/runtime/-/runtime-1.10.0.tgz",
      "integrity": "sha512-ewvYlk86xUoGI0zQRNq/mC+16R1QeDlKQy21Ki3oSYXNgLb45GV1P6A0M+/s6nyCuNDqe5VpaY84BzXGwVbwFA==",
      "dev": true,
      "license": "MIT",
      "optional": true,
      "dependencies": {
        "tslib": "^2.4.0"
      }
    },
    "node_modules/@emnapi/wasi-threads": {
      "version": "1.2.1",
      "resolved": "https://registry.npmjs.org/@emnapi/wasi-threads/-/wasi-threads-1.2.1.tgz",
      "integrity": "sha512-uTII7OYF+/Mes/MrcIOYp5yOtSMLBWSIoLPpcgwipoiKbli6k322tcoFsxoIIxPDqW01SQGAgko4EzZi2BNv2w==",
      "dev": true,
      "license": "MIT",
      "optional": true,
      "dependencies": {
        "tslib": "^2.4.0"
      }
    },
    "node_modules/@eslint-community/eslint-utils": {
      "version": "4.9.1",
      "resolved": "https://registry.npmjs.org/@eslint-community/eslint-utils/-/eslint-utils-4.9.1.tgz",
      "integrity": "sha512-phrYmNiYppR7znFEdqgfWHXR6NCkZEK7hwWDHZUjit/2/U0r6XvkDl0SYnoM51Hq7FhCGdLDT6zxCCOY1hexsQ==",
      "dev": true,
      "license": "MIT",
      "dependencies": {
        "eslint-visitor-keys": "^3.4.3"
      },
      "engines": {
        "node": "^12.22.0 || ^14.17.0 || >=16.0.0"
      },
      "funding": {
        "url": "https://opencollective.com/eslint"
      },
      "peerDependencies": {
        "eslint": "^6.0.0 || ^7.0.0 || >=8.0.0"
      }
    },
    "node_modules/@eslint-community/regexpp": {
      "version": "4.12.2",
      "resolved": "https://registry.npmjs.org/@eslint-community/regexpp/-/regexpp-4.12.2.tgz",
      "integrity": "sha512-EriSTlt5OC9/7SXkRSCAhfSxxoSUgBm33OH+IkwbdpgoqsSsUg7y3uh+IICI/Qg4BBWr3U2i39RpmycbxMq4ew==",
      "dev": true,
      "license": "MIT",
      "engines": {
        "node": "^12.0.0 || ^14.0.0 || >=16.0.0"
      }
    },
    "node_modules/@eslint/eslintrc": {
      "version": "2.1.4",
      "resolved": "https://registry.npmjs.org/@eslint/eslintrc/-/eslintrc-2.1.4.tgz",
      "integrity": "sha512-269Z39MS6wVJtsoUl10L60WdkhJVdPG24Q4eZTH3nnF6lpvSShEK3wQjDX9JRWAUPvPh7COouPpU9IrqaZFvtQ==",
      "dev": true,
      "license": "MIT",
      "dependencies": {
        "ajv": "^6.12.4",
        "debug": "^4.3.2",
        "espree": "^9.6.0",
        "globals": "^13.19.0",
        "ignore": "^5.2.0",
        "import-fresh": "^3.2.1",
        "js-yaml": "^4.1.0",
        "minimatch": "^3.1.2",
        "strip-json-comments": "^3.1.1"
      },
      "engines": {
        "node": "^12.22.0 || ^14.17.0 || >=16.0.0"
      },
      "funding": {
        "url": "https://opencollective.com/eslint"
      }
    },
    "node_modules/@eslint/js": {
      "version": "8.57.1",
      "resolved": "https://registry.npmjs.org/@eslint/js/-/js-8.57.1.tgz",
      "integrity": "sha512-d9zaMRSTIKDLhctzH12MtXvJKSSUhaHcjV+2Z+GK+EEY7XKpP5yR4x+N3TAcHTcu963nIr+TMcCb4DBCYX1z6Q==",
      "dev": true,
      "license": "MIT",
      "engines": {
        "node": "^12.22.0 || ^14.17.0 || >=16.0.0"
      }
    },
    "node_modules/@humanwhocodes/config-array": {
      "version": "0.13.0",
      "resolved": "https://registry.npmjs.org/@humanwhocodes/config-array/-/config-array-0.13.0.tgz",
      "integrity": "sha512-DZLEEqFWQFiyK6h5YIeynKx7JlvCYWL0cImfSRXZ9l4Sg2efkFGTuFf6vzXjK1cq6IYkU+Eg/JizXw+TD2vRNw==",
      "deprecated": "Use @eslint/config-array instead",
      "dev": true,
      "license": "Apache-2.0",
      "dependencies": {
        "@humanwhocodes/object-schema": "^2.0.3",
        "debug": "^4.3.1",
        "minimatch": "^3.0.5"
      },
      "engines": {
        "node": ">=10.10.0"
      }
    },
    "node_modules/@humanwhocodes/module-importer": {
      "version": "1.0.1",
      "resolved": "https://registry.npmjs.org/@humanwhocodes/module-importer/-/module-importer-1.0.1.tgz",
      "integrity": "sha512-bxveV4V8v5Yb4ncFTT3rPSgZBOpCkjfK0y4oVVVJwIuDVBRMDXrPyXRL988i5ap9m9bnyEEjWfm5WkBmtffLfA==",
      "dev": true,
      "license": "Apache-2.0",
      "engines": {
        "node": ">=12.22"
      },
      "funding": {
        "type": "github",
        "url": "https://github.com/sponsors/nzakas"
      }
    },
    "node_modules/@humanwhocodes/object-schema": {
      "version": "2.0.3",
      "resolved": "https://registry.npmjs.org/@humanwhocodes/object-schema/-/object-schema-2.0.3.tgz",
      "integrity": "sha512-93zYdMES/c1D69yZiKDBj0V24vqNzB/koF26KPaagAfd3P/4gUlh3Dys5ogAK+Exi9QyzlD8x/08Zt7wIKcDcA==",
      "deprecated": "Use @eslint/object-schema instead",
      "dev": true,
      "license": "BSD-3-Clause"
    },
    "node_modules/@isaacs/cliui": {
      "version": "8.0.2",
      "resolved": "https://registry.npmjs.org/@isaacs/cliui/-/cliui-8.0.2.tgz",
      "integrity": "sha512-O8jcjabXaleOG9DQ0+ARXWZBTfnP4WNAqzuiJK7ll44AmxGKv/J2M4TPjxjY3znBCfvBXFzucm1twdyFybFqEA==",
      "dev": true,
      "license": "ISC",
      "dependencies": {
        "string-width": "^5.1.2",
        "string-width-cjs": "npm:string-width@^4.2.0",
        "strip-ansi": "^7.0.1",
        "strip-ansi-cjs": "npm:strip-ansi@^6.0.1",
        "wrap-ansi": "^8.1.0",
        "wrap-ansi-cjs": "npm:wrap-ansi@^7.0.0"
      },
      "engines": {
        "node": ">=12"
      }
    },
    "node_modules/@isaacs/cliui/node_modules/ansi-regex": {
      "version": "6.2.2",
      "resolved": "https://registry.npmjs.org/ansi-regex/-/ansi-regex-6.2.2.tgz",
      "integrity": "sha512-Bq3SmSpyFHaWjPk8If9yc6svM8c56dB5BAtW4Qbw5jHTwwXXcTLoRMkpDJp6VL0XzlWaCHTXrkFURMYmD0sLqg==",
      "dev": true,
      "license": "MIT",
      "engines": {
        "node": ">=12"
      },
      "funding": {
        "url": "https://github.com/chalk/ansi-regex?sponsor=1"
      }
    },
    "node_modules/@isaacs/cliui/node_modules/strip-ansi": {
      "version": "7.2.0",
      "resolved": "https://registry.npmjs.org/strip-ansi/-/strip-ansi-7.2.0.tgz",
      "integrity": "sha512-yDPMNjp4WyfYBkHnjIRLfca1i6KMyGCtsVgoKe/z1+6vukgaENdgGBZt+ZmKPc4gavvEZ5OgHfHdrazhgNyG7w==",
      "dev": true,
      "license": "MIT",
      "dependencies": {
        "ansi-regex": "^6.2.2"
      },
      "engines": {
        "node": ">=12"
      },
      "funding": {
        "url": "https://github.com/chalk/strip-ansi?sponsor=1"
      }
    },
    "node_modules/@jridgewell/gen-mapping": {
      "version": "0.3.13",
      "resolved": "https://registry.npmjs.org/@jridgewell/gen-mapping/-/gen-mapping-0.3.13.tgz",
      "integrity": "sha512-2kkt/7niJ6MgEPxF0bYdQ6etZaA+fQvDcLKckhy1yIQOzaoKjBBjSj63/aLVjYE3qhRt5dvM+uUyfCg6UKCBbA==",
      "dev": true,
      "license": "MIT",
      "dependencies": {
        "@jridgewell/sourcemap-codec": "^1.5.0",
        "@jridgewell/trace-mapping": "^0.3.24"
      }
    },
    "node_modules/@jridgewell/resolve-uri": {
      "version": "3.1.2",
      "resolved": "https://registry.npmjs.org/@jridgewell/resolve-uri/-/resolve-uri-3.1.2.tgz",
      "integrity": "sha512-bRISgCIjP20/tbWSPWMEi54QVPRZExkuD9lJL+UIxUKtwVJA8wW1Trb1jMs1RFXo1CBTNZ/5hpC9QvmKWdopKw==",
      "dev": true,
      "license": "MIT",
      "engines": {
        "node": ">=6.0.0"
      }
    },
    "node_modules/@jridgewell/sourcemap-codec": {
      "version": "1.5.5",
      "resolved": "https://registry.npmjs.org/@jridgewell/sourcemap-codec/-/sourcemap-codec-1.5.5.tgz",
      "integrity": "sha512-cYQ9310grqxueWbl+WuIUIaiUaDcj7WOq5fVhEljNVgRfOUhY9fy2zTvfoqWsnebh8Sl70VScFbICvJnLKB0Og==",
      "dev": true,
      "license": "MIT"
    },
    "node_modules/@jridgewell/trace-mapping": {
      "version": "0.3.31",
      "resolved": "https://registry.npmjs.org/@jridgewell/trace-mapping/-/trace-mapping-0.3.31.tgz",
      "integrity": "sha512-zzNR+SdQSDJzc8joaeP8QQoCQr8NuYx2dIIytl1QeBEZHJ9uW6hebsrYgbz8hJwUQao3TWCMtmfV8Nu1twOLAw==",
      "dev": true,
      "license": "MIT",
      "dependencies": {
        "@jridgewell/resolve-uri": "^3.1.0",
        "@jridgewell/sourcemap-codec": "^1.4.14"
      }
    },
    "node_modules/@mediapipe/tasks-vision": {
      "version": "0.10.17",
      "resolved": "https://registry.npmjs.org/@mediapipe/tasks-vision/-/tasks-vision-0.10.17.tgz",
      "integrity": "sha512-CZWV/q6TTe8ta61cZXjfnnHsfWIdFhms03M9T7Cnd5y2mdpylJM0rF1qRq+wsQVRMLz1OYPVEBU9ph2Bx8cxrg==",
      "license": "Apache-2.0"
    },
    "node_modules/@monogrid/gainmap-js": {
      "version": "3.4.0",
      "resolved": "https://registry.npmjs.org/@monogrid/gainmap-js/-/gainmap-js-3.4.0.tgz",
      "integrity": "sha512-2Z0FATFHaoYJ8b+Y4y4Hgfn3FRFwuU5zRrk+9dFWp4uGAdHGqVEdP7HP+gLA3X469KXHmfupJaUbKo1b/aDKIg==",
      "license": "MIT",
      "dependencies": {
        "promise-worker-transferable": "^1.0.4"
      },
      "peerDependencies": {
        "three": ">= 0.159.0"
      }
    },
    "node_modules/@napi-rs/wasm-runtime": {
      "version": "1.1.6",
      "resolved": "https://registry.npmjs.org/@napi-rs/wasm-runtime/-/wasm-runtime-1.1.6.tgz",
      "integrity": "sha512-ZLv/JdUfkvOy9eCnnBaGfiO+XimbjebAeO+MRQqD/B+FR1tnRN0tpKSJHRbE8sFfS6aqsXZ67TQjfwfsxULVbg==",
      "dev": true,
      "license": "MIT",
      "optional": true,
      "dependencies": {
        "@tybys/wasm-util": "^0.10.3"
      },
      "funding": {
        "type": "github",
        "url": "https://github.com/sponsors/Brooooooklyn"
      },
      "peerDependencies": {
        "@emnapi/core": "^1.7.1",
        "@emnapi/runtime": "^1.7.1"
      }
    },
    "node_modules/@next/env": {
      "version": "14.2.35",
      "resolved": "https://registry.npmjs.org/@next/env/-/env-14.2.35.tgz",
      "integrity": "sha512-DuhvCtj4t9Gwrx80dmz2F4t/zKQ4ktN8WrMwOuVzkJfBilwAwGr6v16M5eI8yCuZ63H9TTuEU09Iu2HqkzFPVQ==",
      "license": "MIT"
    },
    "node_modules/@next/eslint-plugin-next": {
      "version": "14.2.35",
      "resolved": "https://registry.npmjs.org/@next/eslint-plugin-next/-/eslint-plugin-next-14.2.35.tgz",
      "integrity": "sha512-Jw9A3ICz2183qSsqwi7fgq4SBPiNfmOLmTPXKvlnzstUwyvBrtySiY+8RXJweNAs9KThb1+bYhZh9XWcNOr2zQ==",
      "dev": true,
      "license": "MIT",
      "dependencies": {
        "glob": "10.3.10"
      }
    },
    "node_modules/@next/swc-darwin-arm64": {
      "version": "14.2.33",
      "resolved": "https://registry.npmjs.org/@next/swc-darwin-arm64/-/swc-darwin-arm64-14.2.33.tgz",
      "integrity": "sha512-HqYnb6pxlsshoSTubdXKu15g3iivcbsMXg4bYpjL2iS/V6aQot+iyF4BUc2qA/J/n55YtvE4PHMKWBKGCF/+wA==",
      "cpu": [
        "arm64"
      ],
      "license": "MIT",
      "optional": true,
      "os": [
        "darwin"
      ],
      "engines": {
        "node": ">= 10"
      }
    },
    "node_modules/@next/swc-darwin-x64": {
      "version": "14.2.33",
      "resolved": "https://registry.npmjs.org/@next/swc-darwin-x64/-/swc-darwin-x64-14.2.33.tgz",
      "integrity": "sha512-8HGBeAE5rX3jzKvF593XTTFg3gxeU4f+UWnswa6JPhzaR6+zblO5+fjltJWIZc4aUalqTclvN2QtTC37LxvZAA==",
      "cpu": [
        "x64"
      ],
      "license": "MIT",
      "optional": true,
      "os": [
        "darwin"
      ],
      "engines": {
        "node": ">= 10"
      }
    },
    "node_modules/@next/swc-linux-arm64-gnu": {
      "version": "14.2.33",
      "resolved": "https://registry.npmjs.org/@next/swc-linux-arm64-gnu/-/swc-linux-arm64-gnu-14.2.33.tgz",
      "integrity": "sha512-JXMBka6lNNmqbkvcTtaX8Gu5by9547bukHQvPoLe9VRBx1gHwzf5tdt4AaezW85HAB3pikcvyqBToRTDA4DeLw==",
      "cpu": [
        "arm64"
      ],
      "libc": [
        "glibc"
      ],
      "license": "MIT",
      "optional": true,
      "os": [
        "linux"
      ],
      "engines": {
        "node": ">= 10"
      }
    },
    "node_modules/@next/swc-linux-arm64-musl": {
      "version": "14.2.33",
      "resolved": "https://registry.npmjs.org/@next/swc-linux-arm64-musl/-/swc-linux-arm64-musl-14.2.33.tgz",
      "integrity": "sha512-Bm+QulsAItD/x6Ih8wGIMfRJy4G73tu1HJsrccPW6AfqdZd0Sfm5Imhgkgq2+kly065rYMnCOxTBvmvFY1BKfg==",
      "cpu": [
        "arm64"
      ],
      "libc": [
        "musl"
      ],
      "license": "MIT",
      "optional": true,
      "os": [
        "linux"
      ],
      "engines": {
        "node": ">= 10"
      }
    },
    "node_modules/@next/swc-linux-x64-gnu": {
      "version": "14.2.33",
      "resolved": "https://registry.npmjs.org/@next/swc-linux-x64-gnu/-/swc-linux-x64-gnu-14.2.33.tgz",
      "integrity": "sha512-FnFn+ZBgsVMbGDsTqo8zsnRzydvsGV8vfiWwUo1LD8FTmPTdV+otGSWKc4LJec0oSexFnCYVO4hX8P8qQKaSlg==",
      "cpu": [
        "x64"
      ],
      "libc": [
        "glibc"
      ],
      "license": "MIT",
      "optional": true,
      "os": [
        "linux"
 óM|êÚ$z{-®éÜj×'2÷&W6öÇfW"Ö&–æF–ærÖÆ–çW‚Ö&ÒÖ×W6ÆV&–†b#¢#ã"ã""À¢$Vç'2÷&W6öÇfW"Ö&–æF–ærÖÆ–çW‚Ö&ÓcBÖvçR#¢#ã"ã""À¢$Vç'2÷&W6öÇfW"Ö&–æF–ærÖÆ–çW‚Ö&ÓcBÖ×W6Â#¢#ã"ã""À¢$Vç'2÷&W6öÇfW"Ö&–æF–ærÖÆ–çW‚ÖÆööæscBÖvçR#¢#ã"ã""À¢$Vç'2÷&W6öÇfW"Ö&–æF–ærÖÆ–çW‚ÖÆööæscBÖ×W6Â#¢#ã"ã""À¢$Vç'2÷&W6öÇfW"Ö&–æF–ærÖÆ–çW‚×3cBÖvçR#¢#ã"ã""À¢$Vç'2÷&W6öÇfW"Ö&–æF–ærÖÆ–çW‚×&—67ccBÖvçR#¢#ã"ã""À¢$Vç'2÷&W6öÇfW"Ö&–æF–ærÖÆ–çW‚×&—67ccBÖ×W6Â#¢#ã"ã""À¢$Vç'2÷&W6öÇfW"Ö&–æF–ærÖÆ–çW‚×33“‚ÖvçR#¢#ã"ã""À¢$Vç'2÷&W6öÇfW"Ö&–æF–ærÖÆ–çW‚×ƒcBÖvçR#¢#ã"ã""À¢$Vç'2÷&W6öÇfW"Ö&–æF–ærÖÆ–çW‚×ƒcBÖ×W6Â#¢#ã"ã""À¢$Vç'2÷&W6öÇfW"Ö&–æF–ærÖ÷Væ†&Ööç’Ö&ÓcB#¢#ã"ã""À¢$Vç'2÷&W6öÇfW"Ö&–æF–ær×v6Ó3"×v6’#¢#ã"ã""À¢$Vç'2÷&W6öÇfW"Ö&–æF–ær×v–ã3"Ö&ÓcBÖ×7f2#¢#ã"ã""À¢$Vç'2÷&W6öÇfW"Ö&–æF–ær×v–ã3"Ö–3"Ö×7f2#¢#ã"ã""À¢$Vç'2÷&W6öÇfW"Ö&–æF–ær×v–ã3"×ƒcBÖ×7f2#¢#ã"ã" ¢Ð¢ÒÀ¢&æöFUöÖöGVÆW2÷WFFRÖ'&÷w6W'6Æ—7BÖF"#¢°¢'fW'6–öâ#¢#ã"ã2"À¢'&W6öÇfVB#¢&‡GG3¢ò÷&Vv—7G'’æçÖ§2æ÷&r÷WFFRÖ'&÷w6W'6Æ—7BÖF"òÒ÷WFFRÖ'&÷w6W'6Æ—7BÖF"Óã"ã2çFw¢"À¢&–çFVw&—G’#¢'6†S"Ô§3Ó–7‚·ötG†óTÖ”dtWVUw§G¢¶CB´Ó7$vÆÔµBµCD•2ö¥G–Çs4çwSf7EE…#Ô3´cEf&DÇC4&c#—sÓÒ"À¢&FWb#¢G'VRÀ¢&gVæF–ær#¢°¢°¢'G—R#¢&÷Væ6öÆÆV7F—fR"À¢'W&Â#¢&‡GG3¢òö÷Væ6öÆÆV7F—fRæ6öÒö'&÷w6W'6Æ—7B ¢ÒÀ¢°¢'G—R#¢'F–FVÆ–gB"À¢'W&Â#¢&‡GG3¢ò÷F–FVÆ–gBæ6öÒögVæF–æröv—F‡V"öçÒö'&÷w6W'6Æ—7B ¢ÒÀ¢°¢'G—R#¢&v—F‡V""À¢'W&Â#¢&‡GG3¢òöv—F‡V"æ6öÒ÷7öç6÷'2ö’ ¢Ð¢ÒÀ¢&Æ–6Vç6R#¢$Ô•B"À¢&FWVæFVæ6–W2#¢°¢&W66ÆFR#¢%ã2ã"ã"À¢'–6ö6öÆ÷'2#¢%ããã ¢ÒÀ¢&&–â#¢°¢'WFFRÖ'&÷w6W'6Æ—7BÖF"#¢&6Æ’æ§2 ¢ÒÀ¢'VW$FWVæFVæ6–W2#¢°¢&'&÷w6W'6Æ—7B#¢#ãÒBã#ã ¢Ð¢ÒÀ¢&æöFUöÖöGVÆW2÷W&’Ö§2#¢°¢'fW'6–öâ#¢#BãBã"À¢'&W6öÇfVB#¢&‡GG3¢ò÷&Vv—7G'’æçÖ§2æ÷&r÷W&’Ö§2òÒ÷W&’Ö§2ÓBãBãçFw¢"À¢&–çFVw&—G’#¢'6†S"Ów$µW—“35–3“‡DÔÇGuƒ”cuD–evÅs–Fó…vÃ–“6T†–VVƒ„†eTÃ&dÕ„³g£3†V4·3–g$7TÄ§fæD&sÓÒ"À¢&FWb#¢G'VRÀ¢&Æ–6Vç6R#¢$%4BÓ"Ô6ÆW6R"À¢&FWVæFVæ6–W2#¢°¢'Vç–6öFR#¢%ã"ãã ¢Ð¢ÒÀ¢&æöFUöÖöGVÆW2÷W6R×7–æ2ÖW‡FW&æÂ×7F÷&R#¢°¢'fW'6–öâ#¢#ãbã"À¢'&W6öÇfVB#¢&‡GG3¢ò÷&Vv—7G'’æçÖ§2æ÷&r÷W6R×7–æ2ÖW‡FW&æÂ×7F÷&RòÒ÷W6R×7–æ2ÖW‡FW&æÂ×7F÷&RÓãbãçFw¢"À¢&–çFVw&—G’#¢'6†S"Õdu7tuôç%—'…dd–´õW—s†ÄfVäô†–¥vµUG$Gg$cDÇ–Å$2ô´6¶U3–GTÓ4·e•%†æWgCt”Ã“Rµ¥—sÓÒ"À¢&Æ–6Vç6R#¢$Ô•B"À¢'VW$FWVæFVæ6–W2#¢°¢'&V7B#¢%ãbã‚ãÇÂãrããÇÂã‚ããÇÂã’ãã ¢Ð¢ÒÀ¢&æöFUöÖöGVÆW2÷WF–ÂÖFW&V6FR#¢°¢'fW'6–öâ#¢#ãã""À¢'&W6öÇfVB#¢&‡GG3¢ò÷&Vv—7G'’æçÖ§2æ÷&r÷WF–ÂÖFW&V6FRòÒ÷WF–ÂÖFW&V6FRÓãã"çFw¢"À¢&–çFVw&—G’#¢'6†S"ÔUCWU‡”g„§7$Æä63ä†ç6tödE¤&ö4–”“%F44ud4£T¤DÖt7¤–µ„ç5U–dCF²òôÅDU‡†”–'$‡F7sÓÒ"À¢&FWb#¢G'VRÀ¢&Æ–6Vç6R#¢$Ô•B ¢ÒÀ¢&æöFUöÖöGVÆW2÷WF–Æ—G’×G—W2#¢°¢'fW'6–öâ#¢#2ãã"À¢'&W6öÇfVB#¢&‡GG3¢ò÷&Vv—7G'’æçÖ§2æ÷&r÷WF–Æ—G’×G—W2òÒ÷WF–Æ—G’×G—W2Ó2ããçFw¢"À¢&–çFVw&—G’#¢'6†S"Óe£tÖ&dUv—6ÃeGd$7“u‡&Ó$ÅõcfD£vV4––—„†7vf$£ƒvÕvF&7vÄ”ÓT”u…¥4e–W$7ÄôöT¶ô¥”Ö·sÓÒ"À¢&Æ–6Vç6R#¢$Ô•B"À¢&Væv–æW2#¢°¢&æöFR#¢#ãÒB ¢Ð¢ÒÀ¢&æöFUöÖöGVÆW2÷WG&–R#¢°¢'fW'6–öâ#¢#ãã""À¢'&W6öÇfVB#¢&‡GG3¢ò÷&Vv—7G'’æçÖ§2æ÷&r÷WG&–RòÒ÷WG&–RÓãã"çFw¢"À¢&–çFVw&—G’#¢'6†S"ÓÔÆV÷U¦”öÕ¥V&¦'S•fÖ¤Ç¦ãÅ„&‡wVv¶DÅU²´µT´”“f³USE”†Rõƒ$6ƒu–ä¦ewUuBµf'W†$wvÆ¦‡sÓÒ"À¢&Æ–6Vç6R#¢$Ô•B"À¢&÷F–öæÂ#¢G'VRÀ¢&FWVæFVæ6–W2#¢°¢&&6ScBÖ'&–'VffW"#¢%ããã" ¢Ð¢ÒÀ¢&æöFUöÖöGVÆW2÷WV–B#¢°¢'fW'6–öâ#¢#’ãã"À¢'&W6öÇfVB#¢&‡GG3¢ò÷&Vv—7G'’æçÖ§2æ÷&r÷WV–BòÒ÷WV–BÓ’ããçFw¢"À¢&–çFVw&—G’#¢'6†S"Ö"³T¤öÇ5#”³„„§÷s”ö³6f•tõu4–4—¥†öGgc%¥fôõdçt×†cu¤çCG“–ƒöD4ç'å—ô'¥&·F6´&S74ÓÒ"À¢&FW&V6FVB#¢'WV–DæB&VÆ÷r—2æòÆöævW"7W÷'FVBâf÷"U4Ò6öFV&6W2ÂWFFRFòWV–DÆFW7Bâf÷"6öÖÖöä¥26öFV&6W2ÂW6RWV–D†'WB&Rv&RF†—2fW'6–öâv–ÆÂÆ–¶VÇ’&RFW&V6FVB–â##‚’â"À¢&gVæF–ær#¢°¢&‡GG3¢òöv—F‡V"æ6öÒ÷7öç6÷'2ö'&ööf"À¢&‡GG3¢òöv—F‡V"æ6öÒ÷7öç6÷'2ö7Ffâ ¢ÒÀ¢&Æ–6Vç6R#¢$Ô•B"À¢&&–â#¢°¢'WV–B#¢&F—7Bö&–â÷WV–B ¢Ð¢ÒÀ¢&æöFUöÖöGVÆW2÷vV"×7G&V×2×öÇ–f–ÆÂ#¢°¢'fW'6–öâ#¢#BããÖ&WFã2"À¢'&W6öÇfVB#¢&‡GG3¢ò÷&Vv—7G'’æçÖ§2æ÷&r÷vV"×7G&V×2×öÇ–f–ÆÂòÒ÷vV"×7G&V×2×öÇ–f–ÆÂÓBããÖ&WFã2çFw¢"À¢&–çFVw&—G’#¢'6†S"Õs“UD5F†×5–d„G–$t×tóT”¤”Ó“4’ógeE&²¶F…Ete‡v‚´3„6sv£u‡”·'w&£„–#ge•†Sö5”ç&×¥“G„ãgVsÓÒ"À¢&Æ–6Vç6R#¢$Ô•B"À¢&Væv–æW2#¢°¢&æöFR#¢#ãÒB ¢Ð¢ÒÀ¢&æöFUöÖöGVÆW2÷vV&vÂÖ6öç7FçG2#¢°¢'fW'6–öâ#¢#ãã"À¢'&W6öÇfVB#¢&‡GG3¢ò÷&Vv—7G'’æçÖ§2æ÷&r÷vV&vÂÖ6öç7FçG2òÒ÷vV&vÂÖ6öç7FçG2ÓããçFw¢"À¢&–çFVw&—G’#¢'6†S"ÔÆ´%„¶¥SW#—dstv7S5CWR³V7e7fƒUwt”æG#2³–§¥d#C6¥VU$GF²õt…–Ef£vVd6tÓs4$tfÄ–”çFFsÓÒ ¢ÒÀ¢&æöFUöÖöGVÆW2÷vV&vÂ×6FbÖvVæW&F÷"#¢°¢'fW'6–öâ#¢#ãã"À¢'&W6öÇfVB#¢&‡GG3¢ò÷&Vv—7G'’æçÖ§2æ÷&r÷vV&vÂ×6FbÖvVæW&F÷"òÒ÷vV&vÂ×6FbÖvVæW&F÷"ÓããçFw¢"À¢&–çFVw&—G’#¢'6†S"Ó•£¦4ÕDg†TR¶#'ƒÄ¥FFæC‡%C†WtÕg†´çv÷–4æÔ¥wuG¦õ‡¤Öƒ&¤¥6‚ôTe´µ•¥VÆ“ƒFƒ†$¥¤d•£&¤ÓÒ"À¢&Æ–6Vç6R#¢$Ô•B ¢ÒÀ¢&æöFUöÖöGVÆW2÷vV&–FÂÖ6öçfW'6–öç2#¢°¢'fW'6–öâ#¢#2ãã"À¢'&W6öÇfVB#¢&‡GG3¢ò÷&Vv—7G'’æçÖ§2æ÷&r÷vV&–FÂÖ6öçfW'6–öç2òÒ÷vV&–FÂÖ6öçfW'6–öç2Ó2ããçFw¢"À¢&–çFVw&—G’#¢'6†S"Ó$¤ã7£„#g&¤³…6Ó†÷%$3‚ö&6ÂôGÃwE%Du£D“6¦Db´VÔÆÕ—„$‡•‡T´ÃƒC–WV5f‡d&÷„×6fÆdö#†·†UÓÒ"À¢&Æ–6Vç6R#¢$%4BÓ"Ô6ÆW6R ¢ÒÀ¢&æöFUöÖöGVÆW2÷v†Gvr×W&Â#¢°¢'fW'6–öâ#¢#Rãã"À¢'&W6öÇfVB#¢&‡GG3¢ò÷&Vv—7G'’æçÖ§2æ÷&r÷v†Gvr×W&ÂòÒ÷v†Gvr×W&ÂÓRããçFw¢"À¢&–çFVw&—G’#¢'6†S"×6SSvçW†³gc4…“3R¶§¤'u–$µ7“…#„¥7…¥vtÇ#w—3”'¦„wf”õETt¤ÆÕ5g3‡#”çd”5„WTô„Ç%•GsÓÒ"À¢&Æ–6Vç6R#¢$Ô•B"À¢&FWVæFVæ6–W2#¢°¢'G#Cb#¢'ããã2"À¢'vV&–FÂÖ6öçfW'6–öç2#¢%ã2ãã ¢Ð¢ÒÀ¢&æöFUöÖöGVÆW2÷v†–6‚#¢°¢'fW'6–öâ#¢#"ãã""À¢'&W6öÇfVB#¢&‡GG3¢ò÷&Vv—7G'’æçÖ§2æ÷&r÷v†–6‚òÒ÷v†–6‚Ó"ãã"çFw¢"À¢&–çFVw&—G’#¢'6†S"Ô$Ä“5FÃEs5fÃsÃ7—5“cF’¶wu‡4t%•v¶·×Fæ%†w$ÔB·–£w&…s·TTG‡¤¦•„v¤UsVöv´äÔT´äÖ¦–$ÓÒ"À¢&Æ–6Vç6R#¢$•42"À¢&FWVæFVæ6–W2#¢°¢&—6W†R#¢%ã"ãã ¢ÒÀ¢&&–â#¢°¢&æöFR×v†–6‚#¢&&–âöæöFR×v†–6‚ ¢ÒÀ¢&Væv–æW2#¢°¢&æöFR#¢#ãÒ‚ ¢Ð¢ÒÀ¢&æöFUöÖöGVÆW2÷v†–6‚Ö&÷†VB×&–Ö—F—fR#¢°¢'fW'6–öâ#¢#ãã"À¢'&W6öÇfVB#¢&‡GG3¢ò÷&Vv—7G'’æçÖ§2æ÷&r÷v†–6‚Ö&÷†VB×&–Ö—F—fRòÒ÷v†–6‚Ö&÷†VB×&–Ö—F—fRÓããçFw¢"À¢&–çFVw&—G’#¢'6†S"ÕF%ƒ6Ö£†ãöD4$efÅ“„†·4„7s4Ãc¤—Tc†¤es†£43%–†Ôwg$„'¥E$ƒ"÷‡—Vç$£–s¥7–¤6§õw¤”ÓÒ"À¢&FWb#¢G'VRÀ¢&Æ–6Vç6R#¢$Ô•B"À¢&FWVæFVæ6–W2#¢°¢&—2Ö&–v–çB#¢%ããã"À¢&—2Ö&ööÆVâÖö&¦V7B#¢%ãã"ã"À¢&—2ÖçVÖ&W"Öö&¦V7B#¢%ããã"À¢&—2×7G&–ær#¢%ããã"À¢&—2×7–Ö&öÂ#¢%ããã ¢ÒÀ¢&Væv–æW2#¢°¢&æöFR#¢#ãÒãB ¢ÒÀ¢&gVæF–ær#¢°¢'W&Â#¢&‡GG3¢òöv—F‡V"æ6öÒ÷7öç6÷'2öÆ¦†&" ¢Ð¢ÒÀ¢&æöFUöÖöGVÆW2÷v†–6‚Ö'V–ÇF–â×G—R#¢°¢'fW'6–öâ#¢#ã"ã"À¢'&W6öÇfVB#¢&‡GG3¢ò÷&Vv—7G'’æçÖ§2æ÷&r÷v†–6‚Ö'V–ÇF–â×G—RòÒ÷v†–6‚Ö'V–ÇF–â×G—RÓã"ãçFw¢"À¢&–çFVw&—G’#¢'6†S"Óf”&7¦õ‚¶´Ev2µ”¤&æƒ5B´µ¥'„Òö•”å†–7³cbõfÓ#“6—R·”ô–Ö¶s¤†&£TÄäö4çcDTF•£†3D#GeÓÒ"À¢&FWb#¢G'VRÀ¢&Æ–6Vç6R#¢$Ô•B"À¢&FWVæFVæ6–W2#¢°¢&6ÆÂÖ&÷VæB#¢%ããã""À¢&gVæ7F–öâç&÷F÷G—RææÖR#¢%ãããb"À¢&†2×F÷7G&–æwFr#¢%ããã""À¢&—2Ö7–æ2ÖgVæ7F–öâ#¢%ã"ãã"À¢&—2ÖFFRÖö&¦V7B#¢%ããã"À¢&—2Öf–æÆ—¦F–öç&Vv—7G'’#¢%ããã"À¢&—2ÖvVæW&F÷"ÖgVæ7F–öâ#¢%ããã"À¢&—2×&VvW‚#¢%ãã"ã"À¢&—2×vV·&Vb#¢%ããã""À¢&—6'&’#¢%ã"ããR"À¢'v†–6‚Ö&÷†VB×&–Ö—F—fR#¢%ããã"À¢'v†–6‚Ö6öÆÆV7F–öâ#¢%ããã""À¢'v†–6‚×G—VBÖ'&’#¢%ãããb ¢ÒÀ¢&Væv–æW2#¢°¢&æöFR#¢#ãÒãB ¢ÒÀ¢&gVæF–ær#¢°¢'W&Â#¢&‡GG3¢òöv—F‡V"æ6öÒ÷7öç6÷'2öÆ¦†&" ¢Ð¢ÒÀ¢&æöFUöÖöGVÆW2÷v†–6‚Ö6öÆÆV7F–öâ#¢°¢'fW'6–öâ#¢#ãã""À¢'&W6öÇfVB#¢&‡GG3¢ò÷&Vv—7G'’æçÖ§2æ÷&r÷v†–6‚Ö6öÆÆV7F–öâòÒ÷v†–6‚Ö6öÆÆV7F–öâÓãã"çFw¢"À¢&–çFVw&—G’#¢'6†S"Ô³F¥g–¦ä&Fwf3ƒe“d&¶Å¤Tã“357u”÷T$f¶FÔ'S•¦f¶4&Ef'•FäFÖ§e¢ö¥%…'cTUµFäC33”v–—&æt7sÓÒ"À¢&FWb#¢G'VRÀ¢&Æ–6Vç6R#¢$Ô•B"À¢&FWVæFVæ6–W2#¢°¢&—2ÖÖ#¢%ã"ãã2"À¢&—2×6WB#¢%ã"ãã2"À¢&—2×vV¶Ö#¢%ã"ãã""À¢&—2×vV·6WB#¢%ã"ãã2 ¢ÒÀ¢&Væv–æW2#¢°¢&æöFR#¢#ãÒãB ¢ÒÀ¢&gVæF–ær#¢°¢'W&Â#¢&‡GG3¢òöv—F‡V"æ6öÒ÷7öç6÷'2öÆ¦†&" ¢Ð¢ÒÀ¢&æöFUöÖöGVÆW2÷v†–6‚×G—VBÖ'&’#¢°¢'fW'6–öâ#¢#ãã#""À¢'&W6öÇfVB#¢&‡GG3¢ò÷&Vv—7G'’æçÖ§2æ÷&r÷v†–6‚×G—VBÖ'&’òÒ÷v†–6‚×G—VBÖ'&’Óãã#"çFw¢"À¢&–çFVw&—G’#¢'6†S"ÖgdóDW…tÔg7–„s4•ö$×U“Ç†u–7†&3C”4æEtDDT4ô¤æu—g4õugv%¦2·c7'¥'G†ö¤$²´4ÔWcÆCT5—sÓÒ"À¢&FWb#¢G'VRÀ¢&Æ–6Vç6R#¢$Ô•B"À¢&FWVæFVæ6–W2#¢°¢&f–Æ&ÆR×G—VBÖ'&—2#¢%ãããr"À¢&6ÆÂÖ&–æB#¢%ããã’"À¢&6ÆÂÖ&÷VæB#¢%ãããB"À¢&f÷"ÖV6‚#¢%ãã2ãR"À¢&vWB×&÷Fò#¢%ããã"À¢&v÷B#¢%ãã"ã"À¢&†2×F÷7G&–æwFr#¢%ããã" ¢ÒÀ¢&Væv–æW2#¢°¢&æöFR#¢#ãÒãB ¢ÒÀ¢&gVæF–ær#¢°¢'W&Â#¢&‡GG3¢òöv—F‡V"æ6öÒ÷7öç6÷'2öÆ¦†&" ¢Ð¢ÒÀ¢&æöFUöÖöGVÆW2÷v÷&B×w&#¢°¢'fW'6–öâ#¢#ã"ãR"À¢'&W6öÇfVB#¢&‡GG3¢ò÷&Vv—7G'’æçÖ§2æ÷&r÷v÷&B×w&òÒ÷v÷&B×w&Óã"ãRçFw¢"À¢&–çFVw&—G’#¢'6†S"Ô$ã#$#VVÔÔ“•T×F§$vCVsVT5•5EW“d¥†%—6CW¥—†¤dö6µ3S55DS7vµfõw……f#4'%–4TãEGvST#V4ÓÒ"À¢&FWb#¢G'VRÀ¢&Æ–6Vç6R#¢$Ô•B"À¢&Væv–æW2#¢°¢&æöFR#¢#ãÓãã ¢Ð¢ÒÀ¢&æöFUöÖöGVÆW2÷w&Öç6’#¢°¢'fW'6–öâ#¢#‚ãã"À¢'&W6öÇfVB#¢&‡GG3¢ò÷&Vv—7G'’æçÖ§2æ÷&r÷w&Öç6’òÒ÷w&Öç6’Ó‚ããçFw¢"À¢&–çFVw&—G’#¢'6†S"×6“ut“g¥T×Sf$U4gfwF×¤ÖDt÷F÷†e"µ6W£Öö&f3wFÒµfµV6¶³–%s%VVfeDueV$ö·7†Õ7s&w3†ssä5ÓÒ"À¢&FWb#¢G'VRÀ¢&Æ–6Vç6R#¢$Ô•B"À¢&FWVæFVæ6–W2#¢°¢&ç6’×7G–ÆW2#¢%ãbãã"À¢'7G&–ær×v–GF‚#¢%ãRãã"À¢'7G&—Öç6’#¢%ãrãã ¢ÒÀ¢&Væv–æW2#¢°¢&æöFR#¢#ãÓ" ¢ÒÀ¢&gVæF–ær#¢°¢'W&Â#¢&‡GG3¢òöv—F‡V"æ6öÒö6†Æ²÷w&Öç6“÷7öç6÷#Ó ¢Ð¢ÒÀ¢&æöFUöÖöGVÆW2÷w&Öç6’Ö6§2#¢°¢&æÖR#¢'w&Öç6’"À¢'fW'6–öâ#¢#rãã"À¢'&W6öÇfVB#¢&‡GG3¢ò÷&Vv—7G'’æçÖ§2æ÷&r÷w&Öç6’òÒ÷w&Öç6’ÓrããçFw¢"À¢&–çFVw&—G’#¢'6†S"Õ•dt–£&¶ÔÅ5G‡sdç5¦¦ô'†e7w6ã–6FW6Ö3Gµ#3W¥U£Â´æg…fG…FD‡fÔådõe…5”sDWG—Bôf“tCeÓÒ"À¢&FWb#¢G'VRÀ¢&Æ–6Vç6R#¢$Ô•B"À¢&FWVæFVæ6–W2#¢°¢&ç6’×7G–ÆW2#¢%ãBãã"À¢'7G&–ær×v–GF‚#¢%ãBãã"À¢'7G&—Öç6’#¢%ãbãã ¢ÒÀ¢&Væv–æW2#¢°¢&æöFR#¢#ãÓ ¢ÒÀ¢&gVæF–ær#¢°¢'W&Â#¢&‡GG3¢òöv—F‡V"æ6öÒö6†Æ²÷w&Öç6“÷7öç6÷#Ó ¢Ð¢ÒÀ¢&æöFUöÖöGVÆW2÷w&Öç6’Ö6§2öæöFUöÖöGVÆW2öVÖö¦’×&VvW‚#¢°¢'fW'6–öâ#¢#‚ãã"À¢'&W6öÇfVB#¢&‡GG3¢ò÷&Vv—7G'’æçÖ§2æ÷&röVÖö¦’×&VvW‚òÒöVÖö¦’×&VvW‚Ó‚ããçFw¢"À¢&–çFVw&—G’#¢'6†S"ÔÕ6¥—¦5täôWt‡£×‡”ggvsg–§“äs7‡FV÷£cCEd6òõ%vç#ôtwB¶–36”¥G¥„WS5FDÓE6våeVÔtSdÓÒ"À¢&FWb#¢G'VRÀ¢&Æ–6Vç6R#¢$Ô•B ¢ÒÀ¢&æöFUöÖöGVÆW2÷w&Öç6’Ö6§2öæöFUöÖöGVÆW2÷7G&–ær×v–GF‚#¢°¢'fW'6–öâ#¢#Bã"ã2"À¢'&W6öÇfVB#¢&‡GG3¢ò÷&Vv—7G'’æçÖ§2æ÷&r÷7G&–ær×v–GF‚òÒ÷7G&–ær×v–GF‚ÓBã"ã2çFw¢"À¢&–çFVw&—G’#¢'6†S"×t·•%¤£4—c$W%5¦Dw6¤Ô¥w6Võ$æ–„†‡Sdst¥dòó–¤”#eW–WdÂ·E‡T÷&æs†¢ö7„µEw•uWwe5G&–•§¢ösÓÒ"À¢&FWb#¢G'VRÀ¢&Æ–6Vç6R#¢$Ô•B"À¢&FWVæFVæ6–W2#¢°¢&VÖö¦’×&VvW‚#¢%ã‚ãã"À¢&—2ÖgVÆÇv–GF‚Ö6öFR×ö–çB#¢%ã2ãã"À¢'7G&—Öç6’#¢%ãbãã ¢ÒÀ¢&Væv–æW2#¢°¢&æöFR#¢#ãÓ‚ ¢Ð¢ÒÀ¢&æöFUöÖöGVÆW2÷w&Öç6’öæöFUöÖöGVÆW2öç6’×&VvW‚#¢°¢'fW'6–öâ#¢#bã"ã""À¢'&W6öÇfVB#¢&‡GG3¢ò÷&Vv—7G'’æçÖ§2æ÷&röç6’×&VvW‚òÒöç6’×&VvW‚Óbã"ã"çFw¢"À¢&–çFVw&—G’#¢'6†S"Ô'56Õ7”d†v¥³„–c—–3g7dÓ†3SfD#T$EsE'sV¤…Gwu…†5DÆõ$Ö·D§edÃ‡¦Åv4…E‡&´eU$Õ–ÔC4ÇsÓÒ"À¢&FWb#¢G'VRÀ¢&Æ–6Vç6R#¢$Ô•B"À¢&Væv–æW2#¢°¢&æöFR#¢#ãÓ" ¢ÒÀ¢&gVæF–ær#¢°¢'W&Â#¢&‡GG3¢òöv—F‡V"æ6öÒö6†Æ²öç6’×&VvWƒ÷7öç6÷#Ó ¢Ð¢ÒÀ¢&æöFUöÖöGVÆW2÷w&Öç6’öæöFUöÖöGVÆW2öç6’×7G–ÆW2#¢°¢'fW'6–öâ#¢#bã"ã2"À¢'&W6öÇfVB#¢&‡GG3¢ò÷&Vv—7G'’æçÖ§2æ÷&röç6’×7G–ÆW2òÒöç6’×7G–ÆW2Óbã"ã2çFw¢"À¢&–çFVw&—G’#¢'6†S"ÓDF£dÓ#„¤"¶ôƒ†´fµDÅVò¶&§tôf·W#7—V5S4æ5%%V'…35å¥”4v¦634$å‡u$—5UfÔDvw¦vÖSw§d¤‡fsÓÒ"À¢&FWb#¢G'VRÀ¢&Æ–6Vç6R#¢$Ô•B"À¢&Væv–æW2#¢°¢&æöFR#¢#ãÓ" ¢ÒÀ¢&gVæF–ær#¢°¢'W&Â#¢&‡GG3¢òöv—F‡V"æ6öÒö6†Æ²öç6’×7G–ÆW3÷7öç6÷#Ó ¢Ð¢ÒÀ¢&æöFUöÖöGVÆW2÷w&Öç6’öæöFUöÖöGVÆW2÷7G&—Öç6’#¢°¢'fW'6–öâ#¢#rã"ã"À¢'&W6öÇfVB#¢&‡GG3¢ò÷&Vv—7G'’æçÖ§2æ÷&r÷7G&—Öç6’òÒ÷7G&—Öç6’Órã"ãçFw¢"À¢&–çFVw&—G’#¢'6†S"×”EÔæ§Ew–e”&´†æ¤•$Æf6“d´×”t7G5fvô¶R÷£³ggV¶vTæFtt%§Bµ¦Ôµ3FvgdU£Töt†d†G&¦†tç”swsÓÒ"À¢&FWb#¢G'VRÀ¢&Æ–6Vç6R#¢$Ô•B"À¢&FWVæFVæ6–W2#¢°¢&ç6’×&VvW‚#¢%ãbã"ã" ¢ÒÀ¢&Væv–æW2#¢°¢&æöFR#¢#ãÓ" ¢ÒÀ¢&gVæF–ær#¢°¢'W&Â#¢&‡GG3¢òöv—F‡V"æ6öÒö6†Æ²÷7G&—Öç6“÷7öç6÷#Ó ¢Ð¢ÒÀ¢&æöFUöÖöGVÆW2÷w&’#¢°¢'fW'6–öâ#¢#ãã""À¢'&W6öÇfVB#¢&‡GG3¢ò÷&Vv—7G'’æçÖ§2æ÷&r÷w&’òÒ÷w&’Óãã"çFw¢"À¢&–çFVw&—G’#¢'6†S"ÖÃE7ôE'6V÷#—tÃdWec"µGUãc6DÖµ¥¢÷7•†¶v…DV%c”¶Å3…W5£7Srô•óGw‡F4d#F&w&5#57fW¥5ÓÒ"À¢&FWb#¢G'VRÀ¢&Æ–6Vç6R#¢$•42 ¢ÒÀ¢&æöFUöÖöGVÆW2÷–ö7Fò×VWVR#¢°¢'fW'6–öâ#¢#ãã"À¢'&W6öÇfVB#¢&‡GG3¢ò÷&Vv—7G'’æçÖ§2æ÷&r÷–ö7Fò×VWVRòÒ÷–ö7Fò×VWVRÓããçFw¢"À¢&–çFVw&—G’#¢'6†S"×%f·7g6ää6D¢öö„v3g†uw”ã†V†T7‡6”ÄÓ†×‡TR÷BöÔõg¦WuTóÖ”ÇD…•&uD´4ÆW„ÃDÖTefwG3t†Ôå£%ÓÒ"À¢&FWb#¢G'VRÀ¢&Æ–6Vç6R#¢$Ô•B"À¢&Væv–æW2#¢°¢&æöFR#¢#ãÓ ¢ÒÀ¢&gVæF–ær#¢°¢'W&Â#¢&‡GG3¢òöv—F‡V"æ6öÒ÷7öç6÷'2÷6–æG&W6÷&‡W2 ¢Ð¢ÒÀ¢&æöFUöÖöGVÆW2÷§W7FæB#¢°¢'fW'6–öâ#¢#RããB"À¢'&W6öÇfVB#¢&‡GG3¢ò÷&Vv—7G'’æçÖ§2æ÷&r÷§W7FæBòÒ÷§W7FæBÓRããBçFw¢"À¢&–çFVw&—G’#¢'6†S"Òó‡D7ÓTÄÕ##†#6gtÅ—'FF£stT7e§f–sT4ÕFçtó„•7–SDtD”ró—$DE—ö4ƒ”C%‡s$%%†vÄÄ–æÕd%"ösÓÒ"À¢&Æ–6Vç6R#¢$Ô•B"À¢&Væv–æW2#¢°¢&æöFR#¢#ãÓ"ã#ã ¢ÒÀ¢'VW$FWVæFVæ6–W2#¢°¢$G—W2÷&V7B#¢#ãÓ‚ãã"À¢&–ÖÖW"#¢#ãÓ’ããb"À¢'&V7B#¢#ãÓ‚ãã"À¢'W6R×7–æ2ÖW‡FW&æÂ×7F÷&R#¢#ãÓã"ã ¢ÒÀ¢'VW$FWVæFVæ6–W4ÖWF#¢°¢$G—W2÷&V7B#¢°¢&÷F–öæÂ#¢G'VP¢ÒÀ¢&–ÖÖW"#¢°¢&÷F–öæÂ#¢G'VP¢ÒÀ¢'&V7B#¢°¢&÷F–öæÂ#¢G'VP¢ÒÀ¢'W6R×7–æ2ÖW‡FW&æÂ×7F÷&R#¢°¢&÷F–öæÂ#¢G'VP¢Ð¢Ð¢Ð¢Ð§Ð